{
  "name": "@emilia-protocol/cli",
  "version": "0.2.7",
  "lockfileVersion": 3,
  "requires": true,
  "packages": {
    "": {
      "name": "@emilia-protocol/cli",
      "version": "0.2.7",
      "license": "Apache-2.0",
      "dependencies": {
        "@emilia-protocol/verify": "3.21.0"
      },
      "bin": {
        "ep": "bin/ep.mjs"
      },
      "engines": {
        "node": ">=18.19.0"
      }
    },
    "node_modules/@emilia-protocol/verify": {
      "version": "3.21.0",
      "resolved": "https://registry.npmjs.org/@emilia-protocol/verify/-/verify-3.21.0.tgz",
      "integrity": "sha512-28gKI8ma86MKfiSDt4WtFlI3uzSdawv7w/mG6R6DhbLkQzzVoeyQ/Qp7sRZBJ8hoqePmnYX3WqzzEGHy0pAoBw==",
      "license": "Apache-2.0",
      "bin": {
        "emilia-verify": "cli.js"
      },
      "engines": {
        "node": ">=18.0.0"
      }
    }
  }
}
