{
  "name": "@emilia-protocol/cli",
  "version": "0.2.0",
  "lockfileVersion": 3,
  "requires": true,
  "packages": {
    "": {
      "name": "@emilia-protocol/cli",
      "version": "0.2.0",
      "license": "Apache-2.0",
      "dependencies": {
        "@emilia-protocol/verify": "3.10.0"
      },
      "bin": {
        "ep": "bin/ep.mjs"
      },
      "engines": {
        "node": ">=18.19.0"
      }
    },
    "node_modules/@emilia-protocol/verify": {
      "version": "3.10.0",
      "resolved": "https://registry.npmjs.org/@emilia-protocol/verify/-/verify-3.10.0.tgz",
      "integrity": "sha512-0NhDbsS8eYnu6ppR4hVugZaAlCfknIBpR3xPxJ9w47h92WXTrSQQEqTtYmeg6QIshPjn0wVNrzkMAvvVCtYIDQ==",
      "license": "Apache-2.0",
      "bin": {
        "emilia-verify": "cli.js"
      },
      "engines": {
        "node": ">=18.0.0"
      }
    }
  }
}
