{
  "name": "@emilia-protocol/cli",
  "version": "0.2.5",
  "lockfileVersion": 3,
  "requires": true,
  "packages": {
    "": {
      "name": "@emilia-protocol/cli",
      "version": "0.2.5",
      "license": "Apache-2.0",
      "dependencies": {
        "@emilia-protocol/verify": "3.20.2"
      },
      "bin": {
        "ep": "bin/ep.mjs"
      },
      "engines": {
        "node": ">=18.19.0"
      }
    },
    "node_modules/@emilia-protocol/verify": {
      "version": "3.20.2",
      "resolved": "https://registry.npmjs.org/@emilia-protocol/verify/-/verify-3.20.2.tgz",
      "integrity": "sha512-Qgw04PYwe7zw+3CDHBGIke4KN/oHO4qTIrHmzZwhkHEJNTtqYsKhEzdxPGZambGEq3JJ3dpDU5zzD+1jc258jQ==",
      "license": "Apache-2.0",
      "bin": {
        "emilia-verify": "cli.js"
      },
      "engines": {
        "node": ">=18.0.0"
      }
    }
  }
}
